
Microsoft Visual Studio Solution File, Format Version 12.00
# Visual Studio Version 17
VisualStudioVersion = 17.0.32126.317
MinimumVisualStudioVersion = 10.0.40219.1
Project("{9A19103F-16F7-4668-BE54-9A1E7A4F7556}") = "WebshopProject.Api", "WebshopProject.Api\WebshopProject.Api.csproj", "{EF5D2446-EE6D-41EC-9E60-6EAE0DC58C01}"
EndProject
Project("{9A19103F-16F7-4668-BE54-9A1E7A4F7556}") = "ProjectWebshopTests", "ProjectWebshopTests\ProjectWebshopTests.csproj", "{F2A68282-3011-4535-B9EE-35F3B98B1622}"
EndProject
Project("{2150E333-8FDC-42A3-9474-1A3956D46DE8}") = "Solution Items", "Solution Items", "{175ED518-27CB-48C1-B1AC-B8ACDC934055}"
	ProjectSection(SolutionItems) = preProject
		.editorconfig = .editorconfig
	EndProjectSection
EndProject
Global
	GlobalSection(SolutionConfigurationPlatforms) = preSolution
		Debug|Any CPU = Debug|Any CPU
		Release|Any CPU = Release|Any CPU
	EndGlobalSection
	GlobalSection(ProjectConfigurationPlatforms) = postSolution
		{EF5D2446-EE6D-41EC-9E60-6EAE0DC58C01}.Debug|Any CPU.ActiveCfg = Debug|Any CPU
		{EF5D2446-EE6D-41EC-9E60-6EAE0DC58C01}.Debug|Any CPU.Build.0 = Debug|Any CPU
		{EF5D2446-EE6D-41EC-9E60-6EAE0DC58C01}.Release|Any CPU.ActiveCfg = Release|Any CPU
		{EF5D2446-EE6D-41EC-9E60-6EAE0DC58C01}.Release|Any CPU.Build.0 = Release|Any CPU
		{F2A68282-3011-4535-B9EE-35F3B98B1622}.Debug|Any CPU.ActiveCfg = Debug|Any CPU
		{F2A68282-3011-4535-B9EE-35F3B98B1622}.Debug|Any CPU.Build.0 = Debug|Any CPU
		{F2A68282-3011-4535-B9EE-35F3B98B1622}.Release|Any CPU.ActiveCfg = Release|Any CPU
		{F2A68282-3011-4535-B9EE-35F3B98B1622}.Release|Any CPU.Build.0 = Release|Any CPU
	EndGlobalSection
	GlobalSection(SolutionProperties) = preSolution
		HideSolutionNode = FALSE
	EndGlobalSection
	GlobalSection(ExtensibilityGlobals) = postSolution
		SolutionGuid = {5270C36A-64D0-45B4-AC32-5CB519A14EE8}
	EndGlobalSection
EndGlobal
